
Microsoft Visual Studio Solution File, Format Version 12.00
# Visual Studio Version 16
VisualStudioVersion = 16.0.31613.86
MinimumVisualStudioVersion = 10.0.40219.1
Project("{FAE04EC0-301F-11D3-BF4B-00C04F79EFBC}") = "IndiceMC.Android", "IndiceMC.Android\IndiceMC.Android.csproj", "{3232C1A5-6B4E-45DA-A982-5E50E43B82F9}"
EndProject
Project("{FAE04EC0-301F-11D3-BF4B-00C04F79EFBC}") = "IndiceMC.iOS", "IndiceMC.iOS\IndiceMC.iOS.csproj", "{333511A2-4DB8-470C-8293-43E479D96264}"
EndProject
Project("{FAE04EC0-301F-11D3-BF4B-00C04F79EFBC}") = "IndiceMC", "IndiceMC\IndiceMC.csproj", "{3DDEDAB2-3FF2-4461-94C0-F81F3298C66B}"
EndProject
Global
	GlobalSection(SolutionConfigurationPlatforms) = preSolution
		Debug|Any CPU = Debug|Any CPU
		Debug|iPhone = Debug|iPhone
		Debug|iPhoneSimulator = Debug|iPhoneSimulator
		Release|Any CPU = Release|Any CPU
		Release|iPhone = Release|iPhone
		Release|iPhoneSimulator = Release|iPhoneSimulator
	EndGlobalSection
	GlobalSection(ProjectConfigurationPlatforms) = postSolution
		{3232C1A5-6B4E-45DA-A982-5E50E43B82F9}.Debug|Any CPU.ActiveCfg = Debug|Any CPU
		{3232C1A5-6B4E-45DA-A982-5E50E43B82F9}.Debug|Any CPU.Build.0 = Debug|Any CPU
		{3232C1A5-6B4E-45DA-A982-5E50E43B82F9}.Debug|Any CPU.Deploy.0 = Debug|Any CPU
		{3232C1A5-6B4E-45DA-A982-5E50E43B82F9}.Debug|iPhone.ActiveCfg = Debug|Any CPU
		{3232C1A5-6B4E-45DA-A982-5E50E43B82F9}.Debug|iPhone.Build.0 = Debug|Any CPU
		{3232C1A5-6B4E-45DA-A982-5E50E43B82F9}.Debug|iPhone.Deploy.0 = Debug|Any CPU
		{3232C1A5-6B4E-45DA-A982-5E50E43B82F9}.Debug|iPhoneSimulator.ActiveCfg = Debug|Any CPU
		{3232C1A5-6B4E-45DA-A982-5E50E43B82F9}.Debug|iPhoneSimulator.Build.0 = Debug|Any CPU
		{3232C1A5-6B4E-45DA-A982-5E50E43B82F9}.Debug|iPhoneSimulator.Deploy.0 = Debug|Any CPU
		{3232C1A5-6B4E-45DA-A982-5E50E43B82F9}.Release|Any CPU.ActiveCfg = Release|Any CPU
		{3232C1A5-6B4E-45DA-A982-5E50E43B82F9}.Release|Any CPU.Build.0 = Release|Any CPU
		{3232C1A5-6B4E-45DA-A982-5E50E43B82F9}.Release|Any CPU.Deploy.0 = Release|Any CPU
		{3232C1A5-6B4E-45DA-A982-5E50E43B82F9}.Release|iPhone.ActiveCfg = Release|Any CPU
		{3232C1A5-6B4E-45DA-A982-5E50E43B82F9}.Release|iPhone.Build.0 = Release|Any CPU
		{3232C1A5-6B4E-45DA-A982-5E50E43B82F9}.Release|iPhone.Deploy.0 = Release|Any CPU
		{3232C1A5-6B4E-45DA-A982-5E50E43B82F9}.Release|iPhoneSimulator.ActiveCfg = Release|Any CPU
		{3232C1A5-6B4E-45DA-A982-5E50E43B82F9}.Release|iPhoneSimulator.Build.0 = Release|Any CPU
		{3232C1A5-6B4E-45DA-A982-5E50E43B82F9}.Release|iPhoneSimulator.Deploy.0 = Release|Any CPU
		{333511A2-4DB8-470C-8293-43E479D96264}.Debug|Any CPU.ActiveCfg = Debug|iPhone
		{333511A2-4DB8-470C-8293-43E479D96264}.Debug|Any CPU.Build.0 = Debug|iPhone
		{333511A2-4DB8-470C-8293-43E479D96264}.Debug|Any CPU.Deploy.0 = Debug|iPhone
		{333511A2-4DB8-470C-8293-43E479D96264}.Debug|iPhone.ActiveCfg = Debug|iPhone
		{333511A2-4DB8-470C-8293-43E479D96264}.Debug|iPhone.Build.0 = Debug|iPhone
		{333511A2-4DB8-470C-8293-43E479D96264}.Debug|iPhone.Deploy.0 = Debug|iPhone
		{333511A2-4DB8-470C-8293-43E479D96264}.Debug|iPhoneSimulator.ActiveCfg = Debug|iPhoneSimulator
		{333511A2-4DB8-470C-8293-43E479D96264}.Debug|iPhoneSimulator.Build.0 = Debug|iPhoneSimulator
		{333511A2-4DB8-470C-8293-43E479D96264}.Debug|iPhoneSimulator.Deploy.0 = Debug|iPhoneSimulator
		{333511A2-4DB8-470C-8293-43E479D96264}.Release|Any CPU.ActiveCfg = Release|iPhoneSimulator
		{333511A2-4DB8-470C-8293-43E479D96264}.Release|Any CPU.Build.0 = Release|iPhoneSimulator
		{333511A2-4DB8-470C-8293-43E479D96264}.Release|Any CPU.Deploy.0 = Release|iPhoneSimulator
		{333511A2-4DB8-470C-8293-43E479D96264}.Release|iPhone.ActiveCfg = Release|iPhone
		{333511A2-4DB8-470C-8293-43E479D96264}.Release|iPhone.Build.0 = Release|iPhone
		{333511A2-4DB8-470C-8293-43E479D96264}.Release|iPhone.Deploy.0 = Release|iPhone
		{333511A2-4DB8-470C-8293-43E479D96264}.Release|iPhoneSimulator.ActiveCfg = Release|iPhoneSimulator
		{333511A2-4DB8-470C-8293-43E479D96264}.Release|iPhoneSimulator.Build.0 = Release|iPhoneSimulator
		{333511A2-4DB8-470C-8293-43E479D96264}.Release|iPhoneSimulator.Deploy.0 = Release|iPhoneSimulator
		{3DDEDAB2-3FF2-4461-94C0-F81F3298C66B}.Debug|Any CPU.ActiveCfg = Debug|Any CPU
		{3DDEDAB2-3FF2-4461-94C0-F81F3298C66B}.Debug|Any CPU.Build.0 = Debug|Any CPU
		{3DDEDAB2-3FF2-4461-94C0-F81F3298C66B}.Debug|Any CPU.Deploy.0 = Debug|Any CPU
		{3DDEDAB2-3FF2-4461-94C0-F81F3298C66B}.Debug|iPhone.ActiveCfg = Debug|Any CPU
		{3DDEDAB2-3FF2-4461-94C0-F81F3298C66B}.Debug|iPhone.Build.0 = Debug|Any CPU
		{3DDEDAB2-3FF2-4461-94C0-F81F3298C66B}.Debug|iPhone.Deploy.0 = Debug|Any CPU
		{3DDEDAB2-3FF2-4461-94C0-F81F3298C66B}.Debug|iPhoneSimulator.ActiveCfg = Debug|Any CPU
		{3DDEDAB2-3FF2-4461-94C0-F81F3298C66B}.Debug|iPhoneSimulator.Build.0 = Debug|Any CPU
		{3DDEDAB2-3FF2-4461-94C0-F81F3298C66B}.Debug|iPhoneSimulator.Deploy.0 = Debug|Any CPU
		{3DDEDAB2-3FF2-4461-94C0-F81F3298C66B}.Release|Any CPU.ActiveCfg = Release|Any CPU
		{3DDEDAB2-3FF2-4461-94C0-F81F3298C66B}.Release|Any CPU.Build.0 = Release|Any CPU
		{3DDEDAB2-3FF2-4461-94C0-F81F3298C66B}.Release|Any CPU.Deploy.0 = Release|Any CPU
		{3DDEDAB2-3FF2-4461-94C0-F81F3298C66B}.Release|iPhone.ActiveCfg = Release|Any CPU
		{3DDEDAB2-3FF2-4461-94C0-F81F3298C66B}.Release|iPhone.Build.0 = Release|Any CPU
		{3DDEDAB2-3FF2-4461-94C0-F81F3298C66B}.Release|iPhone.Deploy.0 = Release|Any CPU
		{3DDEDAB2-3FF2-4461-94C0-F81F3298C66B}.Release|iPhoneSimulator.ActiveCfg = Release|Any CPU
		{3DDEDAB2-3FF2-4461-94C0-F81F3298C66B}.Release|iPhoneSimulator.Build.0 = Release|Any CPU
		{3DDEDAB2-3FF2-4461-94C0-F81F3298C66B}.Release|iPhoneSimulator.Deploy.0 = Release|Any CPU
	EndGlobalSection
	GlobalSection(SolutionProperties) = preSolution
		HideSolutionNode = FALSE
	EndGlobalSection
	GlobalSection(ExtensibilityGlobals) = postSolution
		SolutionGuid = {6C7B236D-EE2E-41C5-8146-F89DEDCADAFE}
	EndGlobalSection
EndGlobal
